
Microsoft Visual Studio Solution File, Format Version 12.00
# Visual Studio Version 16
VisualStudioVersion = 16.0.30225.117
MinimumVisualStudioVersion = 10.0.40219.1
Project("{2150E333-8FDC-42A3-9474-1A3956D46DE8}") = "Microservices", "Microservices", "{BF58AF91-C34F-4012-9B6F-0196E6C8482B}"
EndProject
Project("{2150E333-8FDC-42A3-9474-1A3956D46DE8}") = "Domain", "Domain", "{1AA49583-DA06-4856-919B-758B027445A5}"
EndProject
Project("{2150E333-8FDC-42A3-9474-1A3956D46DE8}") = "Infra.Bus", "Infra.Bus", "{F189137B-5C79-4D03-9683-033BB230C0B8}"
EndProject
Project("{2150E333-8FDC-42A3-9474-1A3956D46DE8}") = "Infra.IoC", "Infra.IoC", "{1F7F082F-0DB8-4051-AA26-1EEE66162A5C}"
EndProject
Project("{2150E333-8FDC-42A3-9474-1A3956D46DE8}") = "Presentation", "Presentation", "{7D9D69E9-570A-4D68-AD1C-0432D74D3E50}"
EndProject
Project("{9A19103F-16F7-4668-BE54-9A1E7A4F7556}") = "MicroServicesRabbitMQ.Domain.Core", "microServicesRabbitMQ.Domain.Core\MicroServicesRabbitMQ.Domain.Core.csproj", "{114E7DC0-BB1E-449F-A937-14EF7EC0E70A}"
EndProject
Project("{9A19103F-16F7-4668-BE54-9A1E7A4F7556}") = "MicroServicesRabbitMQ.Bus", "MicroServicesRabbitMQ.Bus\MicroServicesRabbitMQ.Bus.csproj", "{D5692C97-DEB2-4BC7-92B2-94D86737E7F7}"
EndProject
Project("{9A19103F-16F7-4668-BE54-9A1E7A4F7556}") = "MicroServicesRabbitMQ.Infra.IOC", "MicroServicesRabbitMQ.Infra.IOC\MicroServicesRabbitMQ.Infra.IOC.csproj", "{E9A75B82-8338-4FEC-B752-4FA353D7E900}"
EndProject
Project("{2150E333-8FDC-42A3-9474-1A3956D46DE8}") = "Banking", "Banking", "{0F00E289-D5CD-4B73-AB65-81DC7155DFB5}"
EndProject
Project("{2150E333-8FDC-42A3-9474-1A3956D46DE8}") = "Banking", "Banking", "{ABC94D7B-71A4-4CB1-B601-F98BC3AE4A07}"
EndProject
Project("{2150E333-8FDC-42A3-9474-1A3956D46DE8}") = "Api", "Api", "{769342FB-2E70-432E-BE0F-FD495B8186BB}"
EndProject
Project("{2150E333-8FDC-42A3-9474-1A3956D46DE8}") = "Domain", "Domain", "{4EBD5EF8-A09D-4550-BFA1-1D4B8FD20418}"
EndProject
Project("{2150E333-8FDC-42A3-9474-1A3956D46DE8}") = "Application", "Application", "{B165F4B1-49E7-440C-B909-1EE048040756}"
EndProject
Project("{2150E333-8FDC-42A3-9474-1A3956D46DE8}") = "Data", "Data", "{301434F6-76B6-4CED-BFAE-29DAF1F39C76}"
EndProject
Project("{9A19103F-16F7-4668-BE54-9A1E7A4F7556}") = "MicroServices.RabbitMQ.Banking.Api", "MicroServices.RabbitMQ.Banking.Api\MicroServices.RabbitMQ.Banking.Api.csproj", "{17EBFF9D-164B-48C6-9257-015B47E18F1C}"
EndProject
Project("{9A19103F-16F7-4668-BE54-9A1E7A4F7556}") = "MicroServices.RabbitMQ.Banking.Application", "MicroServices.RabbitMQ.Banking.Application\MicroServices.RabbitMQ.Banking.Application.csproj", "{CB253020-344F-4F89-BB04-8F9ADB665AB1}"
EndProject
Project("{9A19103F-16F7-4668-BE54-9A1E7A4F7556}") = "MicroServices.RabbitMQ.Banking.Data", "MicroServices.RabbitMQ.Banking.Data\MicroServices.RabbitMQ.Banking.Data.csproj", "{4B75DB70-0B97-4797-8156-967AF55945C5}"
EndProject
Project("{9A19103F-16F7-4668-BE54-9A1E7A4F7556}") = "MicroServices.RabbitMQ.Banking.Domain", "MicroServices.RabbitMQ.Banking.Domain\MicroServices.RabbitMQ.Banking.Domain.csproj", "{815516A8-8C3B-4EE1-A4DD-29A6DDFE3186}"
EndProject
Global
	GlobalSection(SolutionConfigurationPlatforms) = preSolution
		Debug|Any CPU = Debug|Any CPU
		Release|Any CPU = Release|Any CPU
	EndGlobalSection
	GlobalSection(ProjectConfigurationPlatforms) = postSolution
		{114E7DC0-BB1E-449F-A937-14EF7EC0E70A}.Debug|Any CPU.ActiveCfg = Debug|Any CPU
		{114E7DC0-BB1E-449F-A937-14EF7EC0E70A}.Debug|Any CPU.Build.0 = Debug|Any CPU
		{114E7DC0-BB1E-449F-A937-14EF7EC0E70A}.Release|Any CPU.ActiveCfg = Release|Any CPU
		{114E7DC0-BB1E-449F-A937-14EF7EC0E70A}.Release|Any CPU.Build.0 = Release|Any CPU
		{D5692C97-DEB2-4BC7-92B2-94D86737E7F7}.Debug|Any CPU.ActiveCfg = Debug|Any CPU
		{D5692C97-DEB2-4BC7-92B2-94D86737E7F7}.Debug|Any CPU.Build.0 = Debug|Any CPU
		{D5692C97-DEB2-4BC7-92B2-94D86737E7F7}.Release|Any CPU.ActiveCfg = Release|Any CPU
		{D5692C97-DEB2-4BC7-92B2-94D86737E7F7}.Release|Any CPU.Build.0 = Release|Any CPU
		{E9A75B82-8338-4FEC-B752-4FA353D7E900}.Debug|Any CPU.ActiveCfg = Debug|Any CPU
		{E9A75B82-8338-4FEC-B752-4FA353D7E900}.Debug|Any CPU.Build.0 = Debug|Any CPU
		{E9A75B82-8338-4FEC-B752-4FA353D7E900}.Release|Any CPU.ActiveCfg = Release|Any CPU
		{E9A75B82-8338-4FEC-B752-4FA353D7E900}.Release|Any CPU.Build.0 = Release|Any CPU
		{17EBFF9D-164B-48C6-9257-015B47E18F1C}.Debug|Any CPU.ActiveCfg = Debug|Any CPU
		{17EBFF9D-164B-48C6-9257-015B47E18F1C}.Debug|Any CPU.Build.0 = Debug|Any CPU
		{17EBFF9D-164B-48C6-9257-015B47E18F1C}.Release|Any CPU.ActiveCfg = Release|Any CPU
		{17EBFF9D-164B-48C6-9257-015B47E18F1C}.Release|Any CPU.Build.0 = Release|Any CPU
		{CB253020-344F-4F89-BB04-8F9ADB665AB1}.Debug|Any CPU.ActiveCfg = Debug|Any CPU
		{CB253020-344F-4F89-BB04-8F9ADB665AB1}.Debug|Any CPU.Build.0 = Debug|Any CPU
		{CB253020-344F-4F89-BB04-8F9ADB665AB1}.Release|Any CPU.ActiveCfg = Release|Any CPU
		{CB253020-344F-4F89-BB04-8F9ADB665AB1}.Release|Any CPU.Build.0 = Release|Any CPU
		{4B75DB70-0B97-4797-8156-967AF55945C5}.Debug|Any CPU.ActiveCfg = Debug|Any CPU
		{4B75DB70-0B97-4797-8156-967AF55945C5}.Debug|Any CPU.Build.0 = Debug|Any CPU
		{4B75DB70-0B97-4797-8156-967AF55945C5}.Release|Any CPU.ActiveCfg = Release|Any CPU
		{4B75DB70-0B97-4797-8156-967AF55945C5}.Release|Any CPU.Build.0 = Release|Any CPU
		{815516A8-8C3B-4EE1-A4DD-29A6DDFE3186}.Debug|Any CPU.ActiveCfg = Debug|Any CPU
		{815516A8-8C3B-4EE1-A4DD-29A6DDFE3186}.Debug|Any CPU.Build.0 = Debug|Any CPU
		{815516A8-8C3B-4EE1-A4DD-29A6DDFE3186}.Release|Any CPU.ActiveCfg = Release|Any CPU
		{815516A8-8C3B-4EE1-A4DD-29A6DDFE3186}.Release|Any CPU.Build.0 = Release|Any CPU
	EndGlobalSection
	GlobalSection(SolutionProperties) = preSolution
		HideSolutionNode = FALSE
	EndGlobalSection
	GlobalSection(NestedProjects) = preSolution
		{114E7DC0-BB1E-449F-A937-14EF7EC0E70A} = {1AA49583-DA06-4856-919B-758B027445A5}
		{D5692C97-DEB2-4BC7-92B2-94D86737E7F7} = {F189137B-5C79-4D03-9683-033BB230C0B8}
		{E9A75B82-8338-4FEC-B752-4FA353D7E900} = {1F7F082F-0DB8-4051-AA26-1EEE66162A5C}
		{0F00E289-D5CD-4B73-AB65-81DC7155DFB5} = {BF58AF91-C34F-4012-9B6F-0196E6C8482B}
		{ABC94D7B-71A4-4CB1-B601-F98BC3AE4A07} = {0F00E289-D5CD-4B73-AB65-81DC7155DFB5}
		{769342FB-2E70-432E-BE0F-FD495B8186BB} = {ABC94D7B-71A4-4CB1-B601-F98BC3AE4A07}
		{4EBD5EF8-A09D-4550-BFA1-1D4B8FD20418} = {ABC94D7B-71A4-4CB1-B601-F98BC3AE4A07}
		{B165F4B1-49E7-440C-B909-1EE048040756} = {ABC94D7B-71A4-4CB1-B601-F98BC3AE4A07}
		{301434F6-76B6-4CED-BFAE-29DAF1F39C76} = {ABC94D7B-71A4-4CB1-B601-F98BC3AE4A07}
		{17EBFF9D-164B-48C6-9257-015B47E18F1C} = {769342FB-2E70-432E-BE0F-FD495B8186BB}
		{CB253020-344F-4F89-BB04-8F9ADB665AB1} = {B165F4B1-49E7-440C-B909-1EE048040756}
		{4B75DB70-0B97-4797-8156-967AF55945C5} = {301434F6-76B6-4CED-BFAE-29DAF1F39C76}
		{815516A8-8C3B-4EE1-A4DD-29A6DDFE3186} = {4EBD5EF8-A09D-4550-BFA1-1D4B8FD20418}
	EndGlobalSection
	GlobalSection(ExtensibilityGlobals) = postSolution
		SolutionGuid = {FE9EBB40-2E62-4109-A8EB-C9EEE0C20C8B}
	EndGlobalSection
EndGlobal
